
Microsoft Visual Studio Solution File, Format Version 12.00
# Visual Studio 15
Project("{FAE04EC0-301F-11D3-BF4B-00C04F79EFBC}") = "API", "API\API.csproj", "{4D03F2E0-FADF-44AA-9653-1F2D0143BC77}"
EndProject
Project("{FAE04EC0-301F-11D3-BF4B-00C04F79EFBC}") = "Domain", "Domain\Domain.csproj", "{4DA631F2-7EDD-4930-907C-091ACFD12805}"
EndProject
Project("{FAE04EC0-301F-11D3-BF4B-00C04F79EFBC}") = "Infrastructure", "Infrastructure\Infrastructure.csproj", "{06B89B9D-F469-477B-889C-78BF20C6FDCE}"
EndProject
Project("{FAE04EC0-301F-11D3-BF4B-00C04F79EFBC}") = "Common", "Common\Common.csproj", "{FFF0CD42-21EE-4D70-9B0E-25E8318A5ACB}"
EndProject
Project("{FAE04EC0-301F-11D3-BF4B-00C04F79EFBC}") = "SlackApp", "SlackApp\SlackApp.csproj", "{19E15C76-0C6C-43EF-BC8A-5DDB7E1D01F3}"
EndProject
Project("{FAE04EC0-301F-11D3-BF4B-00C04F79EFBC}") = "CommunicationAppDomain", "CommunicationAppDomain\CommunicationAppDomain.csproj", "{E2CECEBC-832A-4307-97D1-A9FEC72844F2}"
EndProject
Project("{FAE04EC0-301F-11D3-BF4B-00C04F79EFBC}") = "MailEngine", "MailEngine\MailEngine.csproj", "{CCCB7EE9-A06C-4CE5-BF48-02463AEC2C86}"
EndProject
Project("{FAE04EC0-301F-11D3-BF4B-00C04F79EFBC}") = "Unit.Tests", "UnitTests\Unit.Tests.csproj", "{D44A3A6D-8C57-4678-BDD6-A617DAE6D2E4}"
EndProject
Project("{FAE04EC0-301F-11D3-BF4B-00C04F79EFBC}") = "PubJobs", "PubJobs\PubJobs.csproj", "{48AC4672-B69B-4D2C-B7CC-D1EFE5F9E92D}"
EndProject
Project("{FAE04EC0-301F-11D3-BF4B-00C04F79EFBC}") = "PubJobs.IntegrationTests", "PubJobs.IntegrationTests\PubJobs.IntegrationTests.csproj", "{27514770-A4B8-426A-B318-953AAB9F2019}"
EndProject
Project("{FAE04EC0-301F-11D3-BF4B-00C04F79EFBC}") = "PubJobs.UnitTests", "PubJobs.UnitTests\PubJobs.UnitTests.csproj", "{8F5D4554-5696-46AC-B835-8E0370B33B5E}"
EndProject
Global
	GlobalSection(SolutionConfigurationPlatforms) = preSolution
		Debug|Any CPU = Debug|Any CPU
		Release|Any CPU = Release|Any CPU
	EndGlobalSection
	GlobalSection(ProjectConfigurationPlatforms) = postSolution
		{4D03F2E0-FADF-44AA-9653-1F2D0143BC77}.Debug|Any CPU.ActiveCfg = Debug|Any CPU
		{4D03F2E0-FADF-44AA-9653-1F2D0143BC77}.Debug|Any CPU.Build.0 = Debug|Any CPU
		{4D03F2E0-FADF-44AA-9653-1F2D0143BC77}.Release|Any CPU.ActiveCfg = Release|Any CPU
		{4D03F2E0-FADF-44AA-9653-1F2D0143BC77}.Release|Any CPU.Build.0 = Release|Any CPU
		{4DA631F2-7EDD-4930-907C-091ACFD12805}.Debug|Any CPU.ActiveCfg = Debug|Any CPU
		{4DA631F2-7EDD-4930-907C-091ACFD12805}.Debug|Any CPU.Build.0 = Debug|Any CPU
		{4DA631F2-7EDD-4930-907C-091ACFD12805}.Release|Any CPU.ActiveCfg = Release|Any CPU
		{4DA631F2-7EDD-4930-907C-091ACFD12805}.Release|Any CPU.Build.0 = Release|Any CPU
		{06B89B9D-F469-477B-889C-78BF20C6FDCE}.Debug|Any CPU.ActiveCfg = Debug|Any CPU
		{06B89B9D-F469-477B-889C-78BF20C6FDCE}.Debug|Any CPU.Build.0 = Debug|Any CPU
		{06B89B9D-F469-477B-889C-78BF20C6FDCE}.Release|Any CPU.ActiveCfg = Release|Any CPU
		{06B89B9D-F469-477B-889C-78BF20C6FDCE}.Release|Any CPU.Build.0 = Release|Any CPU
		{FFF0CD42-21EE-4D70-9B0E-25E8318A5ACB}.Debug|Any CPU.ActiveCfg = Debug|Any CPU
		{FFF0CD42-21EE-4D70-9B0E-25E8318A5ACB}.Debug|Any CPU.Build.0 = Debug|Any CPU
		{FFF0CD42-21EE-4D70-9B0E-25E8318A5ACB}.Release|Any CPU.ActiveCfg = Release|Any CPU
		{FFF0CD42-21EE-4D70-9B0E-25E8318A5ACB}.Release|Any CPU.Build.0 = Release|Any CPU
		{19E15C76-0C6C-43EF-BC8A-5DDB7E1D01F3}.Debug|Any CPU.ActiveCfg = Debug|Any CPU
		{19E15C76-0C6C-43EF-BC8A-5DDB7E1D01F3}.Debug|Any CPU.Build.0 = Debug|Any CPU
		{19E15C76-0C6C-43EF-BC8A-5DDB7E1D01F3}.Release|Any CPU.ActiveCfg = Release|Any CPU
		{19E15C76-0C6C-43EF-BC8A-5DDB7E1D01F3}.Release|Any CPU.Build.0 = Release|Any CPU
		{E2CECEBC-832A-4307-97D1-A9FEC72844F2}.Debug|Any CPU.ActiveCfg = Debug|Any CPU
		{E2CECEBC-832A-4307-97D1-A9FEC72844F2}.Debug|Any CPU.Build.0 = Debug|Any CPU
		{E2CECEBC-832A-4307-97D1-A9FEC72844F2}.Release|Any CPU.ActiveCfg = Release|Any CPU
		{E2CECEBC-832A-4307-97D1-A9FEC72844F2}.Release|Any CPU.Build.0 = Release|Any CPU
		{CCCB7EE9-A06C-4CE5-BF48-02463AEC2C86}.Debug|Any CPU.ActiveCfg = Debug|Any CPU
		{CCCB7EE9-A06C-4CE5-BF48-02463AEC2C86}.Debug|Any CPU.Build.0 = Debug|Any CPU
		{CCCB7EE9-A06C-4CE5-BF48-02463AEC2C86}.Release|Any CPU.ActiveCfg = Release|Any CPU
		{CCCB7EE9-A06C-4CE5-BF48-02463AEC2C86}.Release|Any CPU.Build.0 = Release|Any CPU
		{D44A3A6D-8C57-4678-BDD6-A617DAE6D2E4}.Debug|Any CPU.ActiveCfg = Debug|Any CPU
		{D44A3A6D-8C57-4678-BDD6-A617DAE6D2E4}.Debug|Any CPU.Build.0 = Debug|Any CPU
		{D44A3A6D-8C57-4678-BDD6-A617DAE6D2E4}.Release|Any CPU.ActiveCfg = Release|Any CPU
		{D44A3A6D-8C57-4678-BDD6-A617DAE6D2E4}.Release|Any CPU.Build.0 = Release|Any CPU
		{48AC4672-B69B-4D2C-B7CC-D1EFE5F9E92D}.Debug|Any CPU.ActiveCfg = Debug|Any CPU
		{48AC4672-B69B-4D2C-B7CC-D1EFE5F9E92D}.Debug|Any CPU.Build.0 = Debug|Any CPU
		{48AC4672-B69B-4D2C-B7CC-D1EFE5F9E92D}.Release|Any CPU.ActiveCfg = Release|Any CPU
		{48AC4672-B69B-4D2C-B7CC-D1EFE5F9E92D}.Release|Any CPU.Build.0 = Release|Any CPU
		{27514770-A4B8-426A-B318-953AAB9F2019}.Debug|Any CPU.ActiveCfg = Debug|Any CPU
		{27514770-A4B8-426A-B318-953AAB9F2019}.Debug|Any CPU.Build.0 = Debug|Any CPU
		{27514770-A4B8-426A-B318-953AAB9F2019}.Release|Any CPU.ActiveCfg = Release|Any CPU
		{27514770-A4B8-426A-B318-953AAB9F2019}.Release|Any CPU.Build.0 = Release|Any CPU
		{8F5D4554-5696-46AC-B835-8E0370B33B5E}.Debug|Any CPU.ActiveCfg = Debug|Any CPU
		{8F5D4554-5696-46AC-B835-8E0370B33B5E}.Debug|Any CPU.Build.0 = Debug|Any CPU
		{8F5D4554-5696-46AC-B835-8E0370B33B5E}.Release|Any CPU.ActiveCfg = Release|Any CPU
		{8F5D4554-5696-46AC-B835-8E0370B33B5E}.Release|Any CPU.Build.0 = Release|Any CPU
	EndGlobalSection
EndGlobal
